
Microsoft Visual Studio Solution File, Format Version 11.00
# Visual Studio 2010
Project("{FAE04EC0-301F-11D3-BF4B-00C04F79EFBC}") = "Assembly-CSharp", "Assembly-CSharp.csproj", "{317E4AA0-D2A0-ADB4-6827-5EA3DCF86825}"
EndProject
Project("{FAE04EC0-301F-11D3-BF4B-00C04F79EFBC}") = "Assembly-CSharp-Editor", "Assembly-CSharp-Editor.csproj", "{D2BAA2F6-E615-D7EE-6F5B-8DA89B0069D7}"
EndProject
Global
	GlobalSection(SolutionConfigurationPlatforms) = preSolution
		Debug|Any CPU = Debug|Any CPU
		Release|Any CPU = Release|Any CPU
	EndGlobalSection
	GlobalSection(ProjectConfigurationPlatforms) = postSolution
		{317E4AA0-D2A0-ADB4-6827-5EA3DCF86825}.Debug|Any CPU.ActiveCfg = Debug|Any CPU
		{317E4AA0-D2A0-ADB4-6827-5EA3DCF86825}.Debug|Any CPU.Build.0 = Debug|Any CPU
		{317E4AA0-D2A0-ADB4-6827-5EA3DCF86825}.Release|Any CPU.ActiveCfg = Release|Any CPU
		{317E4AA0-D2A0-ADB4-6827-5EA3DCF86825}.Release|Any CPU.Build.0 = Release|Any CPU
		{D2BAA2F6-E615-D7EE-6F5B-8DA89B0069D7}.Debug|Any CPU.ActiveCfg = Debug|Any CPU
		{D2BAA2F6-E615-D7EE-6F5B-8DA89B0069D7}.Debug|Any CPU.Build.0 = Debug|Any CPU
		{D2BAA2F6-E615-D7EE-6F5B-8DA89B0069D7}.Release|Any CPU.ActiveCfg = Release|Any CPU
		{D2BAA2F6-E615-D7EE-6F5B-8DA89B0069D7}.Release|Any CPU.Build.0 = Release|Any CPU
	EndGlobalSection
	GlobalSection(SolutionProperties) = preSolution
		HideSolutionNode = FALSE
	EndGlobalSection
	GlobalSection(MonoDevelopProperties) = preSolution
		StartupItem = Assembly-CSharp.csproj
	EndGlobalSection
EndGlobal
